{
  "name": "edge-chat",
  "version": "1.0.0",
  "lockfileVersion": 3,
  "requires": true,
  "packages": {
    "": {
      "name": "edge-chat",
      "version": "1.0.0",
      "dependencies": {
        "@zip.js/zip.js": "^2.7.52",
        "hono": "^4.10.2"
      }
    },
    "node_modules/@zip.js/zip.js": {
      "version": "2.8.8",
      "resolved": "https://registry.npmjs.org/@zip.js/zip.js/-/zip.js-2.8.8.tgz",
      "integrity": "sha512-v0KutehhSAuaoFAFGLp+V4+UiZ1mIxQ8vNOYMD7k9ZJaBbtQV49MYlg568oRLiuwWDg2Di58Iw3Q0ESNWR+5JA==",
      "engines": {
        "bun": ">=0.7.0",
        "deno": ">=1.0.0",
        "node": ">=18.0.0"
      }
    },
    "node_modules/hono": {
      "version": "4.10.2",
      "resolved": "https://registry.npmjs.org/hono/-/hono-4.10.2.tgz",
      "integrity": "sha512-p6fyzl+mQo6uhESLxbF5WlBOAJMDh36PljwlKtP5V1v09NxlqGru3ShK+4wKhSuhuYf8qxMmrivHOa/M7q0sMg==",
      "engines": {
        "node": ">=16.9.0"
      }
    }
  }
}
